# This file was autogenerated by Stack.
# You should not edit this file by hand.
# For more information, please see the documentation at:
#   https://docs.haskellstack.org/en/stable/lock_files

packages:
- completed:
    hackage: swiss-ephemeris-1.0.0.0@sha256:c009581fe99c5bf6221ba9a46a4436539fa5c4b714d542ce5c4c75514edf05d9,2400
    pantry-tree:
      size: 1753
      sha256: d91a3b1dd4196da08a210d50e7856199a11aeab2e6687905b50ffaf3a89f9f18
  original:
    hackage: swiss-ephemeris-1.0.0.0
- completed:
    hackage: timezone-detect-0.3.0.0@sha256:1b2f82de9d9f6fffdfa0ce4adfae2d77855027d6509e0300ed5c51e53fcde099,2194
    pantry-tree:
      size: 600
      sha256: c09e90b9a14afd111368d2acf5572490b31be6cf61da47916fb0306427a43b02
  original:
    hackage: timezone-detect-0.3.0.0
snapshots:
- completed:
    size: 532380
    url: https://raw.githubusercontent.com/commercialhaskell/stackage-snapshots/master/lts/16/9.yaml
    sha256: 14a7cec114424e4286adde73364438927a553ed248cc50f069a30a67e3ee1e69
  original: lts-16.9
