# This file was autogenerated by Stack.
# You should not edit this file by hand.
# For more information, please see the documentation at:
#   https://docs.haskellstack.org/en/stable/lock_files

packages:
- completed:
    hackage: swiss-ephemeris-0.1.0.2@sha256:db9b1982a85b7fc1e76104f0f7904fdee5d9c4dc5a5b2edfce660d4595b845e6,2366
    pantry-tree:
      size: 1749
      sha256: c354c36ff7f27683107ba937f2d1779d282133c9f671d3db1f8e2333c1fb23fb
  original:
    hackage: swiss-ephemeris-0.1.0.2
- completed:
    hackage: timezone-detect-0.1.0.0@sha256:be9f20c46242b4777bff4cf0891e3b46e2d396b634404bd69742d07462f7e93c,1937
    pantry-tree:
      size: 578
      sha256: 93d3c7e9aa3e8f4a823e0f1fb28f4b8087cbc02fe1e7853fe9301f70896ad617
  original:
    hackage: timezone-detect-0.1.0.0
snapshots:
- completed:
    size: 532380
    url: https://raw.githubusercontent.com/commercialhaskell/stackage-snapshots/master/lts/16/9.yaml
    sha256: 14a7cec114424e4286adde73364438927a553ed248cc50f069a30a67e3ee1e69
  original: lts-16.9
