# This file was autogenerated by Stack.
# You should not edit this file by hand.
# For more information, please see the documentation at:
#   https://docs.haskellstack.org/en/stable/lock_files

packages:
- completed:
    hackage: swiss-ephemeris-1.1.0.0@sha256:1720f9fa027d50682fc5465527d8d5e29c75d6867dcb2faa3e2af2c0c1bc177d,2430
    pantry-tree:
      size: 1824
      sha256: 888f82a89d0a4f27d28c4fa6505d0e8862588823601022a48ec393be0ed65c2e
  original:
    hackage: swiss-ephemeris-1.1.0.0
- completed:
    hackage: timezone-detect-0.3.0.0@sha256:1b2f82de9d9f6fffdfa0ce4adfae2d77855027d6509e0300ed5c51e53fcde099,2194
    pantry-tree:
      size: 600
      sha256: c09e90b9a14afd111368d2acf5572490b31be6cf61da47916fb0306427a43b02
  original:
    hackage: timezone-detect-0.3.0.0
snapshots:
- completed:
    size: 532380
    url: https://raw.githubusercontent.com/commercialhaskell/stackage-snapshots/master/lts/16/9.yaml
    sha256: 14a7cec114424e4286adde73364438927a553ed248cc50f069a30a67e3ee1e69
  original: lts-16.9
